{
  "name": "casuallydocs",
  "version": "0.0.0",
  "lockfileVersion": 2,
  "requires": true,
  "packages": {
    "": {
      "name": "casuallydocs",
      "version": "0.0.0",
      "dependencies": {
        "casually-components": "^0.0.46",
        "casually-css": "^0.9.0",
        "igniteui-webcomponents-core": "^4.2.5",
        "igniteui-webcomponents-gauges": "^4.2.5"
      },
      "devDependencies": {
        "vite": "^4.2.0"
      }
    },
    "node_modules/@esbuild/win32-x64": {
      "version": "0.17.15",
      "resolved": "https://registry.npmjs.org/@esbuild/win32-x64/-/win32-x64-0.17.15.tgz",
      "integrity": "sha512-DjDa9ywLUUmjhV2Y9wUTIF+1XsmuFGvZoCmOWkli1XcNAh5t25cc7fgsCx4Zi/Uurep3TTLyDiKATgGEg61pkA==",
      "cpu": [
        "x64"
      ],
      "dev": true,
      "optional": true,
      "os": [
        "win32"
      ],
      "engines": {
        "node": ">=12"
      }
    },
    "node_modules/@types/trusted-types": {
      "version": "2.0.3",
      "resolved": "https://registry.npmjs.org/@types/trusted-types/-/trusted-types-2.0.3.tgz",
      "integrity": "sha512-NfQ4gyz38SL8sDNrSixxU2Os1a5xcdFxipAFxYEuLUlvU2uDwS4NUpsImcf1//SlWItCVMMLiylsxbmNMToV/g==",
      "peer": true
    },
    "node_modules/casually-components": {
      "version": "0.0.46",
      "resolved": "https://registry.npmjs.org/casually-components/-/casually-components-0.0.46.tgz",
      "integrity": "sha512-4tzbCxw15zAXE0ru4a8vHyRajshgkmDy1VALZZH5u56j4Wr1K5ERYBASPJIxSFc06VmORXLPIHrwUVkHl62J4A=="
    },
    "node_modules/casually-css": {
      "version": "0.9.0",
      "resolved": "https://registry.npmjs.org/casually-css/-/casually-css-0.9.0.tgz",
      "integrity": "sha512-J2hqvbwWH2GOkrTAJ/uiamcPdEzy1OR6+W4ZoABzEPw3bS4CafH7zSJIqIlu2U9bmY/FJ+UvUSets79WuHXOXQ==",
      "engines": {
        "node": ">= 8.0.0"
      }
    },
    "node_modules/esbuild": {
      "version": "0.17.15",
      "resolved": "https://registry.npmjs.org/esbuild/-/esbuild-0.17.15.tgz",
      "integrity": "sha512-LBUV2VsUIc/iD9ME75qhT4aJj0r75abCVS0jakhFzOtR7TQsqQA5w0tZ+KTKnwl3kXE0MhskNdHDh/I5aCR1Zw==",
      "dev": true,
      "hasInstallScript": true,
      "bin": {
        "esbuild": "bin/esbuild"
      },
      "engines": {
        "node": ">=12"
      },
      "optionalDependencies": {
        "@esbuild/android-arm": "0.17.15",
        "@esbuild/android-arm64": "0.17.15",
        "@esbuild/android-x64": "0.17.15",
        "@esbuild/darwin-arm64": "0.17.15",
        "@esbuild/darwin-x64": "0.17.15",
        "@esbuild/freebsd-arm64": "0.17.15",
        "@esbuild/freebsd-x64": "0.17.15",
        "@esbuild/linux-arm": "0.17.15",
        "@esbuild/linux-arm64": "0.17.15",
        "@esbuild/linux-ia32": "0.17.15",
        "@esbuild/linux-loong64": "0.17.15",
        "@esbuild/linux-mips64el": "0.17.15",
        "@esbuild/linux-ppc64": "0.17.15",
        "@esbuild/linux-riscv64": "0.17.15",
        "@esbuild/linux-s390x": "0.17.15",
        "@esbuild/linux-x64": "0.17.15",
        "@esbuild/netbsd-x64": "0.17.15",
        "@esbuild/openbsd-x64": "0.17.15",
        "@esbuild/sunos-x64": "0.17.15",
        "@esbuild/win32-arm64": "0.17.15",
        "@esbuild/win32-ia32": "0.17.15",
        "@esbuild/win32-x64": "0.17.15"
      }
    },
    "node_modules/function-bind": {
      "version": "1.1.1",
      "resolved": "https://registry.npmjs.org/function-bind/-/function-bind-1.1.1.tgz",
      "integrity": "sha512-yIovAzMX49sF8Yl58fSCWJ5svSLuaibPxXQJFLmBObTuCr0Mf1KiPopGM9NiFjiYBCbfaa2Fh6breQ6ANVTI0A==",
      "dev": true
    },
    "node_modules/has": {
      "version": "1.0.3",
      "resolved": "https://registry.npmjs.org/has/-/has-1.0.3.tgz",
      "integrity": "sha512-f2dvO0VU6Oej7RkWJGrehjbzMAjFp5/VKPp5tTpWIV4JHHZK1/BxbFRtf/siA2SWTe09caDmVtYYzWEIbBS4zw==",
      "dev": true,
      "dependencies": {
        "function-bind": "^1.1.1"
      },
      "engines": {
        "node": ">= 0.4.0"
      }
    },
    "node_modules/igniteui-webcomponents-core": {
      "version": "4.2.5",
      "resolved": "https://registry.npmjs.org/igniteui-webcomponents-core/-/igniteui-webcomponents-core-4.2.5.tgz",
      "integrity": "sha512-uZYBQ1o8ddYkUpttnPkcioiUl2V3B1piTr1x/bFlP/WMH7khQSsXVuEasoq7ri4TCg0+kfW4gDVq6L3GI8lWSg==",
      "dependencies": {
        "tslib": "^2.3.1"
      },
      "peerDependencies": {
        "lit-html": "^2.0.0"
      }
    },
    "node_modules/igniteui-webcomponents-gauges": {
      "version": "4.2.5",
      "resolved": "https://registry.npmjs.org/igniteui-webcomponents-gauges/-/igniteui-webcomponents-gauges-4.2.5.tgz",
      "integrity": "sha512-iQtqrH06LON5aYkcZHKJpuUbfLbNSfb1V9WPMA4SBbWUcKAGLck51QL5NBZXdo87T4TwIig8HxNuK432RcbwsA==",
      "dependencies": {
        "tslib": "^2.3.1"
      },
      "peerDependencies": {
        "igniteui-webcomponents-core": "4.2.5"
      }
    },
    "node_modules/is-core-module": {
      "version": "2.11.0",
      "resolved": "https://registry.npmjs.org/is-core-module/-/is-core-module-2.11.0.tgz",
      "integrity": "sha512-RRjxlvLDkD1YJwDbroBHMb+cukurkDWNyHx7D3oNB5x9rb5ogcksMC5wHCadcXoo67gVr/+3GFySh3134zi6rw==",
      "dev": true,
      "dependencies": {
        "has": "^1.0.3"
      },
      "funding": {
        "url": "https://github.com/sponsors/ljharb"
      }
    },
    "node_modules/lit-html": {
      "version": "2.7.0",
      "resolved": "https://registry.npmjs.org/lit-html/-/lit-html-2.7.0.tgz",
      "integrity": "sha512-/zPOl8EfeB3HHpTzINSpnWgvgQ8N07g/j272EOAIyB0Ys2RzBqTVT23i+JZuUlNbB2WHHeSsTCFi92NtWrtpqQ==",
      "peer": true,
      "dependencies": {
        "@types/trusted-types": "^2.0.2"
      }
    },
    "node_modules/nanoid": {
      "version": "3.3.6",
      "resolved": "https://registry.npmjs.org/nanoid/-/nanoid-3.3.6.tgz",
      "integrity": "sha512-BGcqMMJuToF7i1rt+2PWSNVnWIkGCU78jBG3RxO/bZlnZPK2Cmi2QaffxGO/2RvWi9sL+FAiRiXMgsyxQ1DIDA==",
      "dev": true,
      "funding": [
        {
          "type": "github",
          "url": "https://github.com/sponsors/ai"
        }
      ],
      "bin": {
        "nanoid": "bin/nanoid.cjs"
      },
      "engines": {
        "node": "^10 || ^12 || ^13.7 || ^14 || >=15.0.1"
      }
    },
    "node_modules/path-parse": {
      "version": "1.0.7",
      "resolved": "https://registry.npmjs.org/path-parse/-/path-parse-1.0.7.tgz",
      "integrity": "sha512-LDJzPVEEEPR+y48z93A0Ed0yXb8pAByGWo/k5YYdYgpY2/2EsOsksJrq7lOHxryrVOn1ejG6oAp8ahvOIQD8sw==",
      "dev": true
    },
    "node_modules/picocolors": {
      "version": "1.0.0",
      "resolved": "https://registry.npmjs.org/picocolors/-/picocolors-1.0.0.tgz",
      "integrity": "sha512-1fygroTLlHu66zi26VoTDv8yRgm0Fccecssto+MhsZ0D/DGW2sm8E8AjW7NU5VVTRt5GxbeZ5qBuJr+HyLYkjQ==",
      "dev": true
    },
    "node_modules/postcss": {
      "version": "8.4.21",
      "resolved": "https://registry.npmjs.org/postcss/-/postcss-8.4.21.tgz",
      "integrity": "sha512-tP7u/Sn/dVxK2NnruI4H9BG+x+Wxz6oeZ1cJ8P6G/PZY0IKk4k/63TDsQf2kQq3+qoJeLm2kIBUNlZe3zgb4Zg==",
      "dev": true,
      "funding": [
        {
          "type": "opencollective",
          "url": "https://opencollective.com/postcss/"
        },
        {
          "type": "tidelift",
          "url": "https://tidelift.com/funding/github/npm/postcss"
        }
      ],
      "dependencies": {
        "nanoid": "^3.3.4",
        "picocolors": "^1.0.0",
        "source-map-js": "^1.0.2"
      },
      "engines": {
        "node": "^10 || ^12 || >=14"
      }
    },
    "node_modules/resolve": {
      "version": "1.22.1",
      "resolved": "https://registry.npmjs.org/resolve/-/resolve-1.22.1.tgz",
      "integrity": "sha512-nBpuuYuY5jFsli/JIs1oldw6fOQCBioohqWZg/2hiaOybXOft4lonv85uDOKXdf8rhyK159cxU5cDcK/NKk8zw==",
      "dev": true,
      "dependencies": {
        "is-core-module": "^2.9.0",
        "path-parse": "^1.0.7",
        "supports-preserve-symlinks-flag": "^1.0.0"
      },
      "bin": {
        "resolve": "bin/resolve"
      },
      "funding": {
        "url": "https://github.com/sponsors/ljharb"
      }
    },
    "node_modules/rollup": {
      "version": "3.20.2",
      "resolved": "https://registry.npmjs.org/rollup/-/rollup-3.20.2.tgz",
      "integrity": "sha512-3zwkBQl7Ai7MFYQE0y1MeQ15+9jsi7XxfrqwTb/9EK8D9C9+//EBR4M+CuA1KODRaNbFez/lWxA5vhEGZp4MUg==",
      "dev": true,
      "bin": {
        "rollup": "dist/bin/rollup"
      },
      "engines": {
        "node": ">=14.18.0",
        "npm": ">=8.0.0"
      },
      "optionalDependencies": {
        "fsevents": "~2.3.2"
      }
    },
    "node_modules/source-map-js": {
      "version": "1.0.2",
      "resolved": "https://registry.npmjs.org/source-map-js/-/source-map-js-1.0.2.tgz",
      "integrity": "sha512-R0XvVJ9WusLiqTCEiGCmICCMplcCkIwwR11mOSD9CR5u+IXYdiseeEuXCVAjS54zqwkLcPNnmU4OeJ6tUrWhDw==",
      "dev": true,
      "engines": {
        "node": ">=0.10.0"
      }
    },
    "node_modules/supports-preserve-symlinks-flag": {
      "version": "1.0.0",
      "resolved": "https://registry.npmjs.org/supports-preserve-symlinks-flag/-/supports-preserve-symlinks-flag-1.0.0.tgz",
      "integrity": "sha512-ot0WnXS9fgdkgIcePe6RHNk1WA8+muPa6cSjeR3V8K27q9BB1rTE3R1p7Hv0z1ZyAc8s6Vvv8DIyWf681MAt0w==",
      "dev": true,
      "engines": {
        "node": ">= 0.4"
      },
      "funding": {
        "url": "https://github.com/sponsors/ljharb"
      }
    },
    "node_modules/tslib": {
      "version": "2.5.0",
      "resolved": "https://registry.npmjs.org/tslib/-/tslib-2.5.0.tgz",
      "integrity": "sha512-336iVw3rtn2BUK7ORdIAHTyxHGRIHVReokCR3XjbckJMK7ms8FysBfhLR8IXnAgy7T0PTPNBWKiH514FOW/WSg=="
    },
    "node_modules/vite": {
      "version": "4.2.1",
      "resolved": "https://registry.npmjs.org/vite/-/vite-4.2.1.tgz",
      "integrity": "sha512-7MKhqdy0ISo4wnvwtqZkjke6XN4taqQ2TBaTccLIpOKv7Vp2h4Y+NpmWCnGDeSvvn45KxvWgGyb0MkHvY1vgbg==",
      "dev": true,
      "dependencies": {
        "esbuild": "^0.17.5",
        "postcss": "^8.4.21",
        "resolve": "^1.22.1",
        "rollup": "^3.18.0"
      },
      "bin": {
        "vite": "bin/vite.js"
      },
      "engines": {
        "node": "^14.18.0 || >=16.0.0"
      },
      "optionalDependencies": {
        "fsevents": "~2.3.2"
      },
      "peerDependencies": {
        "@types/node": ">= 14",
        "less": "*",
        "sass": "*",
        "stylus": "*",
        "sugarss": "*",
        "terser": "^5.4.0"
      },
      "peerDependenciesMeta": {
        "@types/node": {
          "optional": true
        },
        "less": {
          "optional": true
        },
        "sass": {
          "optional": true
        },
        "stylus": {
          "optional": true
        },
        "sugarss": {
          "optional": true
        },
        "terser": {
          "optional": true
        }
      }
    }
  },
  "dependencies": {
    "@esbuild/win32-x64": {
      "version": "0.17.15",
      "resolved": "https://registry.npmjs.org/@esbuild/win32-x64/-/win32-x64-0.17.15.tgz",
      "integrity": "sha512-DjDa9ywLUUmjhV2Y9wUTIF+1XsmuFGvZoCmOWkli1XcNAh5t25cc7fgsCx4Zi/Uurep3TTLyDiKATgGEg61pkA==",
      "dev": true,
      "optional": true
    },
    "@types/trusted-types": {
      "version": "2.0.3",
      "resolved": "https://registry.npmjs.org/@types/trusted-types/-/trusted-types-2.0.3.tgz",
      "integrity": "sha512-NfQ4gyz38SL8sDNrSixxU2Os1a5xcdFxipAFxYEuLUlvU2uDwS4NUpsImcf1//SlWItCVMMLiylsxbmNMToV/g==",
      "peer": true
    },
    "casually-components": {
      "version": "0.0.46",
      "resolved": "https://registry.npmjs.org/casually-components/-/casually-components-0.0.46.tgz",
      "integrity": "sha512-4tzbCxw15zAXE0ru4a8vHyRajshgkmDy1VALZZH5u56j4Wr1K5ERYBASPJIxSFc06VmORXLPIHrwUVkHl62J4A=="
    },
    "casually-css": {
      "version": "0.9.0",
      "resolved": "https://registry.npmjs.org/casually-css/-/casually-css-0.9.0.tgz",
      "integrity": "sha512-J2hqvbwWH2GOkrTAJ/uiamcPdEzy1OR6+W4ZoABzEPw3bS4CafH7zSJIqIlu2U9bmY/FJ+UvUSets79WuHXOXQ=="
    },
    "esbuild": {
      "version": "0.17.15",
      "resolved": "https://registry.npmjs.org/esbuild/-/esbuild-0.17.15.tgz",
      "integrity": "sha512-LBUV2VsUIc/iD9ME75qhT4aJj0r75abCVS0jakhFzOtR7TQsqQA5w0tZ+KTKnwl3kXE0MhskNdHDh/I5aCR1Zw==",
      "dev": true,
      "requires": {
        "@esbuild/android-arm": "0.17.15",
        "@esbuild/android-arm64": "0.17.15",
        "@esbuild/android-x64": "0.17.15",
        "@esbuild/darwin-arm64": "0.17.15",
        "@esbuild/darwin-x64": "0.17.15",
        "@esbuild/freebsd-arm64": "0.17.15",
        "@esbuild/freebsd-x64": "0.17.15",
        "@esbuild/linux-arm": "0.17.15",
        "@esbuild/linux-arm64": "0.17.15",
        "@esbuild/linux-ia32": "0.17.15",
        "@esbuild/linux-loong64": "0.17.15",
        "@esbuild/linux-mips64el": "0.17.15",
        "@esbuild/linux-ppc64": "0.17.15",
        "@esbuild/linux-riscv64": "0.17.15",
        "@esbuild/linux-s390x": "0.17.15",
        "@esbuild/linux-x64": "0.17.15",
        "@esbuild/netbsd-x64": "0.17.15",
        "@esbuild/openbsd-x64": "0.17.15",
        "@esbuild/sunos-x64": "0.17.15",
        "@esbuild/win32-arm64": "0.17.15",
        "@esbuild/win32-ia32": "0.17.15",
        "@esbuild/win32-x64": "0.17.15"
      }
    },
    "function-bind": {
      "version": "1.1.1",
      "resolved": "https://registry.npmjs.org/function-bind/-/function-bind-1.1.1.tgz",
      "integrity": "sha512-yIovAzMX49sF8Yl58fSCWJ5svSLuaibPxXQJFLmBObTuCr0Mf1KiPopGM9NiFjiYBCbfaa2Fh6breQ6ANVTI0A==",
      "dev": true
    },
    "has": {
      "version": "1.0.3",
      "resolved": "https://registry.npmjs.org/has/-/has-1.0.3.tgz",
      "integrity": "sha512-f2dvO0VU6Oej7RkWJGrehjbzMAjFp5/VKPp5tTpWIV4JHHZK1/BxbFRtf/siA2SWTe09caDmVtYYzWEIbBS4zw==",
      "dev": true,
      "requires": {
        "function-bind": "^1.1.1"
      }
    },
    "igniteui-webcomponents-core": {
      "version": "4.2.5",
      "resolved": "https://registry.npmjs.org/igniteui-webcomponents-core/-/igniteui-webcomponents-core-4.2.5.tgz",
      "integrity": "sha512-uZYBQ1o8ddYkUpttnPkcioiUl2V3B1piTr1x/bFlP/WMH7khQSsXVuEasoq7ri4TCg0+kfW4gDVq6L3GI8lWSg==",
      "requires": {
        "tslib": "^2.3.1"
      }
    },
    "igniteui-webcomponents-gauges": {
      "version": "4.2.5",
      "resolved": "https://registry.npmjs.org/igniteui-webcomponents-gauges/-/igniteui-webcomponents-gauges-4.2.5.tgz",
      "integrity": "sha512-iQtqrH06LON5aYkcZHKJpuUbfLbNSfb1V9WPMA4SBbWUcKAGLck51QL5NBZXdo87T4TwIig8HxNuK432RcbwsA==",
      "requires": {
        "tslib": "^2.3.1"
      }
    },
    "is-core-module": {
      "version": "2.11.0",
      "resolved": "https://registry.npmjs.org/is-core-module/-/is-core-module-2.11.0.tgz",
      "integrity": "sha512-RRjxlvLDkD1YJwDbroBHMb+cukurkDWNyHx7D3oNB5x9rb5ogcksMC5wHCadcXoo67gVr/+3GFySh3134zi6rw==",
      "dev": true,
      "requires": {
        "has": "^1.0.3"
      }
    },
    "lit-html": {
      "version": "2.7.0",
      "resolved": "https://registry.npmjs.org/lit-html/-/lit-html-2.7.0.tgz",
      "integrity": "sha512-/zPOl8EfeB3HHpTzINSpnWgvgQ8N07g/j272EOAIyB0Ys2RzBqTVT23i+JZuUlNbB2WHHeSsTCFi92NtWrtpqQ==",
      "peer": true,
      "requires": {
        "@types/trusted-types": "^2.0.2"
      }
    },
    "nanoid": {
      "version": "3.3.6",
      "resolved": "https://registry.npmjs.org/nanoid/-/nanoid-3.3.6.tgz",
      "integrity": "sha512-BGcqMMJuToF7i1rt+2PWSNVnWIkGCU78jBG3RxO/bZlnZPK2Cmi2QaffxGO/2RvWi9sL+FAiRiXMgsyxQ1DIDA==",
      "dev": true
    },
    "path-parse": {
      "version": "1.0.7",
      "resolved": "https://registry.npmjs.org/path-parse/-/path-parse-1.0.7.tgz",
      "integrity": "sha512-LDJzPVEEEPR+y48z93A0Ed0yXb8pAByGWo/k5YYdYgpY2/2EsOsksJrq7lOHxryrVOn1ejG6oAp8ahvOIQD8sw==",
      "dev": true
    },
    "picocolors": {
      "version": "1.0.0",
      "resolved": "https://registry.npmjs.org/picocolors/-/picocolors-1.0.0.tgz",
      "integrity": "sha512-1fygroTLlHu66zi26VoTDv8yRgm0Fccecssto+MhsZ0D/DGW2sm8E8AjW7NU5VVTRt5GxbeZ5qBuJr+HyLYkjQ==",
      "dev": true
    },
    "postcss": {
      "version": "8.4.21",
      "resolved": "https://registry.npmjs.org/postcss/-/postcss-8.4.21.tgz",
      "integrity": "sha512-tP7u/Sn/dVxK2NnruI4H9BG+x+Wxz6oeZ1cJ8P6G/PZY0IKk4k/63TDsQf2kQq3+qoJeLm2kIBUNlZe3zgb4Zg==",
      "dev": true,
      "requires": {
        "nanoid": "^3.3.4",
        "picocolors": "^1.0.0",
        "source-map-js": "^1.0.2"
      }
    },
    "resolve": {
      "version": "1.22.1",
      "resolved": "https://registry.npmjs.org/resolve/-/resolve-1.22.1.tgz",
      "integrity": "sha512-nBpuuYuY5jFsli/JIs1oldw6fOQCBioohqWZg/2hiaOybXOft4lonv85uDOKXdf8rhyK159cxU5cDcK/NKk8zw==",
      "dev": true,
      "requires": {
        "is-core-module": "^2.9.0",
        "path-parse": "^1.0.7",
        "supports-preserve-symlinks-flag": "^1.0.0"
      }
    },
    "rollup": {
      "version": "3.20.2",
      "resolved": "https://registry.npmjs.org/rollup/-/rollup-3.20.2.tgz",
      "integrity": "sha512-3zwkBQl7Ai7MFYQE0y1MeQ15+9jsi7XxfrqwTb/9EK8D9C9+//EBR4M+CuA1KODRaNbFez/lWxA5vhEGZp4MUg==",
      "dev": true,
      "requires": {
        "fsevents": "~2.3.2"
      }
    },
    "source-map-js": {
      "version": "1.0.2",
      "resolved": "https://registry.npmjs.org/source-map-js/-/source-map-js-1.0.2.tgz",
      "integrity": "sha512-R0XvVJ9WusLiqTCEiGCmICCMplcCkIwwR11mOSD9CR5u+IXYdiseeEuXCVAjS54zqwkLcPNnmU4OeJ6tUrWhDw==",
      "dev": true
    },
    "supports-preserve-symlinks-flag": {
      "version": "1.0.0",
      "resolved": "https://registry.npmjs.org/supports-preserve-symlinks-flag/-/supports-preserve-symlinks-flag-1.0.0.tgz",
      "integrity": "sha512-ot0WnXS9fgdkgIcePe6RHNk1WA8+muPa6cSjeR3V8K27q9BB1rTE3R1p7Hv0z1ZyAc8s6Vvv8DIyWf681MAt0w==",
      "dev": true
    },
    "tslib": {
      "version": "2.5.0",
      "resolved": "https://registry.npmjs.org/tslib/-/tslib-2.5.0.tgz",
      "integrity": "sha512-336iVw3rtn2BUK7ORdIAHTyxHGRIHVReokCR3XjbckJMK7ms8FysBfhLR8IXnAgy7T0PTPNBWKiH514FOW/WSg=="
    },
    "vite": {
      "version": "4.2.1",
      "resolved": "https://registry.npmjs.org/vite/-/vite-4.2.1.tgz",
      "integrity": "sha512-7MKhqdy0ISo4wnvwtqZkjke6XN4taqQ2TBaTccLIpOKv7Vp2h4Y+NpmWCnGDeSvvn45KxvWgGyb0MkHvY1vgbg==",
      "dev": true,
      "requires": {
        "esbuild": "^0.17.5",
        "fsevents": "~2.3.2",
        "postcss": "^8.4.21",
        "resolve": "^1.22.1",
        "rollup": "^3.18.0"
      }
    }
  }
}
